// !$*UTF8*$!
{
	archiveVersion = 1;
	classes = {
	};
	objectVersion = 56;
	objects = {

/* Begin PBXBuildFile section */
		B04219D42BF3AAC000DB86F8 /* AppDelegate.swift in Sources */ = {isa = PBXBuildFile; fileRef = B04219D32BF3AAC000DB86F8 /* AppDelegate.swift */; };
		B04219D62BF3AAC000DB86F8 /* SceneDelegate.swift in Sources */ = {isa = PBXBuildFile; fileRef = B04219D52BF3AAC000DB86F8 /* SceneDelegate.swift */; };
		B04219D82BF3AAC000DB86F8 /* ViewController.swift in Sources */ = {isa = PBXBuildFile; fileRef = B04219D72BF3AAC000DB86F8 /* ViewController.swift */; };
		B04219DB2BF3AAC000DB86F8 /* Main.storyboard in Resources */ = {isa = PBXBuildFile; fileRef = B04219D92BF3AAC000DB86F8 /* Main.storyboard */; };
		B04219DD2BF3AAC300DB86F8 /* Assets.xcassets in Resources */ = {isa = PBXBuildFile; fileRef = B04219DC2BF3AAC300DB86F8 /* Assets.xcassets */; };
		B04219E02BF3AAC300DB86F8 /* LaunchScreen.storyboard in Resources */ = {isa = PBXBuildFile; fileRef = B04219DE2BF3AAC300DB86F8 /* LaunchScreen.storyboard */; };
		B04219EB2BF3AAC300DB86F8 /* TextAppTests.swift in Sources */ = {isa = PBXBuildFile; fileRef = B04219EA2BF3AAC300DB86F8 /* TextAppTests.swift */; };
		B04219F52BF3AAC300DB86F8 /* TextAppUITests.swift in Sources */ = {isa = PBXBuildFile; fileRef = B04219F42BF3AAC300DB86F8 /* TextAppUITests.swift */; };
		B04219F72BF3AAC300DB86F8 /* TextAppUITestsLaunchTests.swift in Sources */ = {isa = PBXBuildFile; fileRef = B04219F62BF3AAC300DB86F8 /* TextAppUITestsLaunchTests.swift */; };
		B0421A042BF3BDDE00DB86F8 /* KeychainItemAccessibility.swift in Sources */ = {isa = PBXBuildFile; fileRef = B0421A032BF3BDDE00DB86F8 /* KeychainItemAccessibility.swift */; };
		B0421A062BF3BE2700DB86F8 /* KeychainWrapper.swift in Sources */ = {isa = PBXBuildFile; fileRef = B0421A052BF3BE2700DB86F8 /* KeychainWrapper.swift */; };
/* End PBXBuildFile section */

/* Begin PBXContainerItemProxy section */
		B04219E72BF3AAC300DB86F8 /* PBXContainerItemProxy */ = {
			isa = PBXContainerItemProxy;
			containerPortal = B04219C82BF3AAC000DB86F8 /* Project object */;
			proxyType = 1;
			remoteGlobalIDString = B04219CF2BF3AAC000DB86F8;
			remoteInfo = TextApp;
		};
		B04219F12BF3AAC300DB86F8 /* PBXContainerItemProxy */ = {
			isa = PBXContainerItemProxy;
			containerPortal = B04219C82BF3AAC000DB86F8 /* Project object */;
			proxyType = 1;
			remoteGlobalIDString = B04219CF2BF3AAC000DB86F8;
			remoteInfo = TextApp;
		};
/* End PBXContainerItemProxy section */

/* Begin PBXFileReference section */
		B04219D02BF3AAC000DB86F8 /* TextApp.app */ = {isa = PBXFileReference; explicitFileType = wrapper.application; includeInIndex = 0; path = TextApp.app; sourceTree = BUILT_PRODUCTS_DIR; };
		B04219D32BF3AAC000DB86F8 /* AppDelegate.swift */ = {isa = PBXFileReference; lastKnownFileType = sourcecode.swift; path = AppDelegate.swift; sourceTree = "<group>"; };
		B04219D52BF3AAC000DB86F8 /* SceneDelegate.swift */ = {isa = PBXFileReference; lastKnownFileType = sourcecode.swift; path = SceneDelegate.swift; sourceTree = "<group>"; };
		B04219D72BF3AAC000DB86F8 /* ViewController.swift */ = {isa = PBXFileReference; lastKnownFileType = sourcecode.swift; path = ViewController.swift; sourceTree = "<group>"; };
		B04219DA2BF3AAC000DB86F8 /* Base */ = {isa = PBXFileReference; lastKnownFileType = file.storyboard; name = Base; path = Base.lproj/Main.storyboard; sourceTree = "<group>"; };
		B04219DC2BF3AAC300DB86F8 /* Assets.xcassets */ = {isa = PBXFileReference; lastKnownFileType = folder.assetcatalog; path = Assets.xcassets; sourceTree = "<group>"; };
		B04219DF2BF3AAC300DB86F8 /* Base */ = {isa = PBXFileReference; lastKnownFileType = file.storyboard; name = Base; path = Base.lproj/LaunchScreen.storyboard; sourceTree = "<group>"; };
		B04219E12BF3AAC300DB86F8 /* Info.plist */ = {isa = PBXFileReference; lastKnownFileType = text.plist.xml; path = Info.plist; sourceTree = "<group>"; };
		B04219E62BF3AAC300DB86F8 /* TextAppTests.xctest */ = {isa = PBXFileReference; explicitFileType = wrapper.cfbundle; includeInIndex = 0; path = TextAppTests.xctest; sourceTree = BUILT_PRODUCTS_DIR; };
		B04219EA2BF3AAC300DB86F8 /* TextAppTests.swift */ = {isa = PBXFileReference; lastKnownFileType = sourcecode.swift; path = TextAppTests.swift; sourceTree = "<group>"; };
		B04219F02BF3AAC300DB86F8 /* TextAppUITests.xctest */ = {isa = PBXFileReference; explicitFileType = wrapper.cfbundle; includeInIndex = 0; path = TextAppUITests.xctest; sourceTree = BUILT_PRODUCTS_DIR; };
		B04219F42BF3AAC300DB86F8 /* TextAppUITests.swift */ = {isa = PBXFileReference; lastKnownFileType = sourcecode.swift; path = TextAppUITests.swift; sourceTree = "<group>"; };
		B04219F62BF3AAC300DB86F8 /* TextAppUITestsLaunchTests.swift */ = {isa = PBXFileReference; lastKnownFileType = sourcecode.swift; path = TextAppUITestsLaunchTests.swift; sourceTree = "<group>"; };
		B0421A032BF3BDDE00DB86F8 /* KeychainItemAccessibility.swift */ = {isa = PBXFileReference; lastKnownFileType = sourcecode.swift; path = KeychainItemAccessibility.swift; sourceTree = "<group>"; };
		B0421A052BF3BE2700DB86F8 /* KeychainWrapper.swift */ = {isa = PBXFileReference; lastKnownFileType = sourcecode.swift; path = KeychainWrapper.swift; sourceTree = "<group>"; };
/* End PBXFileReference section */

/* Begin PBXFrameworksBuildPhase section */
		B04219CD2BF3AAC000DB86F8 /* Frameworks */ = {
			isa = PBXFrameworksBuildPhase;
			buildActionMask = 2147483647;
			files = (
			);
			runOnlyForDeploymentPostprocessing = 0;
		};
		B04219E32BF3AAC300DB86F8 /* Frameworks */ = {
			isa = PBXFrameworksBuildPhase;
			buildActionMask = 2147483647;
			files = (
			);
			runOnlyForDeploymentPostprocessing = 0;
		};
		B04219ED2BF3AAC300DB86F8 /* Frameworks */ = {
			isa = PBXFrameworksBuildPhase;
			buildActionMask = 2147483647;
			files = (
			);
			runOnlyForDeploymentPostprocessing = 0;
		};
/* End PBXFrameworksBuildPhase section */

/* Begin PBXGroup section */
		B04219C72BF3AAC000DB86F8 = {
			isa = PBXGroup;
			children = (
				B04219D22BF3AAC000DB86F8 /* TextApp */,
				B04219E92BF3AAC300DB86F8 /* TextAppTests */,
				B04219F32BF3AAC300DB86F8 /* TextAppUITests */,
				B04219D12BF3AAC000DB86F8 /* Products */,
			);
			sourceTree = "<group>";
		};
		B04219D12BF3AAC000DB86F8 /* Products */ = {
			isa = PBXGroup;
			children = (
				B04219D02BF3AAC000DB86F8 /* TextApp.app */,
				B04219E62BF3AAC300DB86F8 /* TextAppTests.xctest */,
				B04219F02BF3AAC300DB86F8 /* TextAppUITests.xctest */,
			);
			name = Products;
			sourceTree = "<group>";
		};
		B04219D22BF3AAC000DB86F8 /* TextApp */ = {
			isa = PBXGroup;
			children = (
				B04219D32BF3AAC000DB86F8 /* AppDelegate.swift */,
				B04219D52BF3AAC000DB86F8 /* SceneDelegate.swift */,
				B04219D72BF3AAC000DB86F8 /* ViewController.swift */,
				B04219D92BF3AAC000DB86F8 /* Main.storyboard */,
				B04219DC2BF3AAC300DB86F8 /* Assets.xcassets */,
				B04219DE2BF3AAC300DB86F8 /* LaunchScreen.storyboard */,
				B04219E12BF3AAC300DB86F8 /* Info.plist */,
				B0421A032BF3BDDE00DB86F8 /* KeychainItemAccessibility.swift */,
				B0421A052BF3BE2700DB86F8 /* KeychainWrapper.swift */,
			);
			path = TextApp;
			sourceTree = "<group>";
		};
		B04219E92BF3AAC300DB86F8 /* TextAppTests */ = {
			isa = PBXGroup;
			children = (
				B04219EA2BF3AAC300DB86F8 /* TextAppTests.swift */,
			);
			path = TextAppTests;
			sourceTree = "<group>";
		};
		B04219F32BF3AAC300DB86F8 /* TextAppUITests */ = {
			isa = PBXGroup;
			children = (
				B04219F42BF3AAC300DB86F8 /* TextAppUITests.swift */,
				B04219F62BF3AAC300DB86F8 /* TextAppUITestsLaunchTests.swift */,
			);
			path = TextAppUITests;
			sourceTree = "<group>";
		};
/* End PBXGroup section */

/* Begin PBXNativeTarget section */
		B04219CF2BF3AAC000DB86F8 /* TextApp */ = {
			isa = PBXNativeTarget;
			buildConfigurationList = B04219FA2BF3AAC300DB86F8 /* Build configuration list for PBXNativeTarget "TextApp" */;
			buildPhases = (
				B04219CC2BF3AAC000DB86F8 /* Sources */,
				B04219CD2BF3AAC000DB86F8 /* Frameworks */,
				B04219CE2BF3AAC000DB86F8 /* Resources */,
			);
			buildRules = (
			);
			dependencies = (
			);
			name = TextApp;
			productName = TextApp;
			productReference = B04219D02BF3AAC000DB86F8 /* TextApp.app */;
			productType = "com.apple.product-type.application";
		};
		B04219E52BF3AAC300DB86F8 /* TextAppTests */ = {
			isa = PBXNativeTarget;
			buildConfigurationList = B04219FD2BF3AAC300DB86F8 /* Build configuration list for PBXNativeTarget "TextAppTests" */;
			buildPhases = (
				B04219E22BF3AAC300DB86F8 /* Sources */,
				B04219E32BF3AAC300DB86F8 /* Frameworks */,
				B04219E42BF3AAC300DB86F8 /* Resources */,
			);
			buildRules = (
			);
			dependencies = (
				B04219E82BF3AAC300DB86F8 /* PBXTargetDependency */,
			);
			name = TextAppTests;
			productName = TextAppTests;
			productReference = B04219E62BF3AAC300DB86F8 /* TextAppTests.xctest */;
			productType = "com.apple.product-type.bundle.unit-test";
		};
		B04219EF2BF3AAC300DB86F8 /* TextAppUITests */ = {
			isa = PBXNativeTarget;
			buildConfigurationList = B0421A002BF3AAC300DB86F8 /* Build configuration list for PBXNativeTarget "TextAppUITests" */;
			buildPhases = (
				B04219EC2BF3AAC300DB86F8 /* Sources */,
				B04219ED2BF3AAC300DB86F8 /* Frameworks */,
				B04219EE2BF3AAC300DB86F8 /* Resources */,
			);
			buildRules = (
			);
			dependencies = (
				B04219F22BF3AAC300DB86F8 /* PBXTargetDependency */,
			);
			name = TextAppUITests;
			productName = TextAppUITests;
			productReference = B04219F02BF3AAC300DB86F8 /* TextAppUITests.xctest */;
			productType = "com.apple.product-type.bundle.ui-testing";
		};
/* End PBXNativeTarget section */

/* Begin PBXProject section */
		B04219C82BF3AAC000DB86F8 /* Project object */ = {
			isa = PBXProject;
			attributes = {
				BuildIndependentTargetsInParallel = 1;
				LastSwiftUpdateCheck = 1500;
				LastUpgradeCheck = 1500;
				TargetAttributes = {
					B04219CF2BF3AAC000DB86F8 = {
						CreatedOnToolsVersion = 15.0;
					};
					B04219E52BF3AAC300DB86F8 = {
						CreatedOnToolsVersion = 15.0;
						TestTargetID = B04219CF2BF3AAC000DB86F8;
					};
					B04219EF2BF3AAC300DB86F8 = {
						CreatedOnToolsVersion = 15.0;
						TestTargetID = B04219CF2BF3AAC000DB86F8;
					};
				};
			};
			buildConfigurationList = B04219CB2BF3AAC000DB86F8 /* Build configuration list for PBXProject "TextApp" */;
			compatibilityVersion = "Xcode 14.0";
			developmentRegion = en;
			hasScannedForEncodings = 0;
			knownRegions = (
				en,
				Base,
			);
			mainGroup = B04219C72BF3AAC000DB86F8;
			productRefGroup = B04219D12BF3AAC000DB86F8 /* Products */;
			projectDirPath = "";
			projectRoot = "";
			targets = (
				B04219CF2BF3AAC000DB86F8 /* TextApp */,
				B04219E52BF3AAC300DB86F8 /* TextAppTests */,
				B04219EF2BF3AAC300DB86F8 /* TextAppUITests */,
			);
		};
/* End PBXProject section */

/* Begin PBXResourcesBuildPhase section */
		B04219CE2BF3AAC000DB86F8 /* Resources */ = {
			isa = PBXResourcesBuildPhase;
			buildActionMask = 2147483647;
			files = (
				B04219E02BF3AAC300DB86F8 /* LaunchScreen.storyboard in Resources */,
				B04219DD2BF3AAC300DB86F8 /* Assets.xcassets in Resources */,
				B04219DB2BF3AAC000DB86F8 /* Main.storyboard in Resources */,
			);
			runOnlyForDeploymentPostprocessing = 0;
		};
		B04219E42BF3AAC300DB86F8 /* Resources */ = {
			isa = PBXResourcesBuildPhase;
			buildActionMask = 2147483647;
			files = (
			);
			runOnlyForDeploymentPostprocessing = 0;
		};
		B04219EE2BF3AAC300DB86F8 /* Resources */ = {
			isa = PBXResourcesBuildPhase;
			buildActionMask = 2147483647;
			files = (
			);
			runOnlyForDeploymentPostprocessing = 0;
		};
/* End PBXResourcesBuildPhase section */

/* Begin PBXSourcesBuildPhase section */
		B04219CC2BF3AAC000DB86F8 /* Sources */ = {
			isa = PBXSourcesBuildPhase;
			buildActionMask = 2147483647;
			files = (
				B04219D82BF3AAC000DB86F8 /* ViewController.swift in Sources */,
				B0421A042BF3BDDE00DB86F8 /* KeychainItemAccessibility.swift in Sources */,
				B04219D42BF3AAC000DB86F8 /* AppDelegate.swift in Sources */,
				B04219D62BF3AAC000DB86F8 /* SceneDelegate.swift in Sources */,
				B0421A062BF3BE2700DB86F8 /* KeychainWrapper.swift in Sources */,
			);
			runOnlyForDeploymentPostprocessing = 0;
		};
		B04219E22BF3AAC300DB86F8 /* Sources */ = {
			isa = PBXSourcesBuildPhase;
			buildActionMask = 2147483647;
			files = (
				B04219EB2BF3AAC300DB86F8 /* TextAppTests.swift in Sources */,
			);
			runOnlyForDeploymentPostprocessing = 0;
		};
		B04219EC2BF3AAC300DB86F8 /* Sources */ = {
			isa = PBXSourcesBuildPhase;
			buildActionMask = 2147483647;
			files = (
				B04219F52BF3AAC300DB86F8 /* TextAppUITests.swift in Sources */,
				B04219F72BF3AAC300DB86F8 /* TextAppUITestsLaunchTests.swift in Sources */,
			);
			runOnlyForDeploymentPostprocessing = 0;
		};
/* End PBXSourcesBuildPhase section */

/* Begin PBXTargetDependency section */
		B04219E82BF3AAC300DB86F8 /* PBXTargetDependency */ = {
			isa = PBXTargetDependency;
			target = B04219CF2BF3AAC000DB86F8 /* TextApp */;
			targetProxy = B04219E72BF3AAC300DB86F8 /* PBXContainerItemProxy */;
		};
		B04219F22BF3AAC300DB86F8 /* PBXTargetDependency */ = {
			isa = PBXTargetDependency;
			target = B04219CF2BF3AAC000DB86F8 /* TextApp */;
			targetProxy = B04219F12BF3AAC300DB86F8 /* PBXContainerItemProxy */;
		};
/* End PBXTargetDependency section */

/* Begin PBXVariantGroup section */
		B04219D92BF3AAC000DB86F8 /* Main.storyboard */ = {
			isa = PBXVariantGroup;
			children = (
				B04219DA2BF3AAC000DB86F8 /* Base */,
			);
			name = Main.storyboard;
			sourceTree = "<group>";
		};
		B04219DE2BF3AAC300DB86F8 /* LaunchScreen.storyboard */ = {
			isa = PBXVariantGroup;
			children = (
				B04219DF2BF3AAC300DB86F8 /* Base */,
			);
			name = LaunchScreen.storyboard;
			sourceTree = "<group>";
		};
/* End PBXVariantGroup section */

/* Begin XCBuildConfiguration section */
		B04219F82BF3AAC300DB86F8 /* Debug */ = {
			isa = XCBuildConfiguration;
			buildSettings = {
				ALWAYS_SEARCH_USER_PATHS = NO;
				ASSETCATALOG_COMPILER_GENERATE_SWIFT_ASSET_SYMBOL_EXTENSIONS = YES;
				CLANG_ANALYZER_NONNULL = YES;
				CLANG_ANALYZER_NUMBER_OBJECT_CONVERSION = YES_AGGRESSIVE;
				CLANG_CXX_LANGUAGE_STANDARD = "gnu++20";
				CLANG_ENABLE_MODULES = YES;
				CLANG_ENABLE_OBJC_ARC = YES;
				CLANG_ENABLE_OBJC_WEAK = YES;
				CLANG_WARN_BLOCK_CAPTURE_AUTORELEASING = YES;
				CLANG_WARN_BOOL_CONVERSION = YES;
				CLANG_WARN_COMMA = YES;
				CLANG_WARN_CONSTANT_CONVERSION = YES;
				CLANG_WARN_DEPRECATED_OBJC_IMPLEMENTATIONS = YES;
				CLANG_WARN_DIRECT_OBJC_ISA_USAGE = YES_ERROR;
				CLANG_WARN_DOCUMENTATION_COMMENTS = YES;
				CLANG_WARN_EMPTY_BODY = YES;
				CLANG_WARN_ENUM_CONVERSION = YES;
				CLANG_WARN_INFINITE_RECURSION = YES;
				CLANG_WARN_INT_CONVERSION = YES;
				CLANG_WARN_NON_LITERAL_NULL_CONVERSION = YES;
				CLANG_WARN_OBJC_IMPLICIT_RETAIN_SELF = YES;
				CLANG_WARN_OBJC_LITERAL_CONVERSION = YES;
				CLANG_WARN_OBJC_ROOT_CLASS = YES_ERROR;
				CLANG_WARN_QUOTED_INCLUDE_IN_FRAMEWORK_HEADER = YES;
				CLANG_WARN_RANGE_LOOP_ANALYSIS = YES;
				CLANG_WARN_STRICT_PROTOTYPES = YES;
				CLANG_WARN_SUSPICIOUS_MOVE = YES;
				CLANG_WARN_UNGUARDED_AVAILABILITY = YES_AGGRESSIVE;
				CLANG_WARN_UNREACHABLE_CODE = YES;
				CLANG_WARN__DUPLICATE_METHOD_MATCH = YES;
				COPY_PHASE_STRIP = NO;
				DEBUG_INFORMATION_FORMAT = dwarf;
				ENABLE_STRICT_OBJC_MSGSEND = YES;
				ENABLE_TESTABILITY = YES;
				ENABLE_USER_SCRIPT_SANDBOXING = YES;
				GCC_C_LANGUAGE_STANDARD = gnu17;
				GCC_DYNAMIC_NO_PIC = NO;
				GCC_NO_COMMON_BLOCKS = YES;
				GCC_OPTIMIZATION_LEVEL = 0;
				GCC_PREPROCESSOR_DEFINITIONS = (
					"DEBUG=1",
					"$(inherited)",
				);
				GCC_WARN_64_TO_32_BIT_CONVERSION = YES;
				GCC_WARN_ABOUT_RETURN_TYPE = YES_ERROR;
				GCC_WARN_UNDECLARED_SELECTOR = YES;
				GCC_WARN_UNINITIALIZED_AUTOS = YES_AGGRESSIVE;
				GCC_WARN_UNUSED_FUNCTION = YES;
				GCC_WARN_UNUSED_VARIABLE = YES;
				IPHONEOS_DEPLOYMENT_TARGET = 17.0;
				LOCALIZATION_PREFERS_STRING_CATALOGS = YES;
				MTL_ENABLE_DEBUG_INFO = INCLUDE_SOURCE;
				MTL_FAST_MATH = YES;
				ONLY_ACTIVE_ARCH = YES;
				SDKROOT = iphoneos;
				SWIFT_ACTIVE_COMPILATION_CONDITIONS = "DEBUG $(inherited)";
				SWIFT_OPTIMIZATION_LEVEL = "-Onone";
			};
			name = Debug;
		};
		B04219F92BF3AAC300DB86F8 /* Release */ = {
			isa = XCBuildConfiguration;
			buildSettings = {
				ALWAYS_SEARCH_USER_PATHS = NO;
				ASSETCATALOG_COMPILER_GENERATE_SWIFT_ASSET_SYMBOL_EXTENSIONS = YES;
				CLANG_ANALYZER_NONNULL = YES;
				CLANG_ANALYZER_NUMBER_OBJECT_CONVERSION = YES_AGGRESSIVE;
				CLANG_CXX_LANGUAGE_STANDARD = "gnu++20";
				CLANG_ENABLE_MODULES = YES;
				CLANG_ENABLE_OBJC_ARC = YES;
				CLANG_ENABLE_OBJC_WEAK = YES;
				CLANG_WARN_BLOCK_CAPTURE_AUTORELEASING = YES;
				CLANG_WARN_BOOL_CONVERSION = YES;
				CLANG_WARN_COMMA = YES;
				CLANG_WARN_CONSTANT_CONVERSION = YES;
				CLANG_WARN_DEPRECATED_OBJC_IMPLEMENTATIONS = YES;
				CLANG_WARN_DIRECT_OBJC_ISA_USAGE = YES_ERROR;
				CLANG_WARN_DOCUMENTATION_COMMENTS = YES;
				CLANG_WARN_EMPTY_BODY = YES;
				CLANG_WARN_ENUM_CONVERSION = YES;
				CLANG_WARN_INFINITE_RECURSION = YES;
				CLANG_WARN_INT_CONVERSION = YES;
				CLANG_WARN_NON_LITERAL_NULL_CONVERSION = YES;
				CLANG_WARN_OBJC_IMPLICIT_RETAIN_SELF = YES;
				CLANG_WARN_OBJC_LITERAL_CONVERSION = YES;
				CLANG_WARN_OBJC_ROOT_CLASS = YES_ERROR;
				CLANG_WARN_QUOTED_INCLUDE_IN_FRAMEWORK_HEADER = YES;
				CLANG_WARN_RANGE_LOOP_ANALYSIS = YES;
				CLANG_WARN_STRICT_PROTOTYPES = YES;
				CLANG_WARN_SUSPICIOUS_MOVE = YES;
				CLANG_WARN_UNGUARDED_AVAILABILITY = YES_AGGRESSIVE;
				CLANG_WARN_UNREACHABLE_CODE = YES;
				CLANG_WARN__DUPLICATE_METHOD_MATCH = YES;
				COPY_PHASE_STRIP = NO;
				DEBUG_INFORMATION_FORMAT = "dwarf-with-dsym";
				ENABLE_NS_ASSERTIONS = NO;
				ENABLE_STRICT_OBJC_MSGSEND = YES;
				ENABLE_USER_SCRIPT_SANDBOXING = YES;
				GCC_C_LANGUAGE_STANDARD = gnu17;
				GCC_NO_COMMON_BLOCKS = YES;
				GCC_WARN_64_TO_32_BIT_CONVERSION = YES;
				GCC_WARN_ABOUT_RETURN_TYPE = YES_ERROR;
				GCC_WARN_UNDECLARED_SELECTOR = YES;
				GCC_WARN_UNINITIALIZED_AUTOS = YES_AGGRESSIVE;
				GCC_WARN_UNUSED_FUNCTION = YES;
				GCC_WARN_UNUSED_VARIABLE = YES;
				IPHONEOS_DEPLOYMENT_TARGET = 17.0;
				LOCALIZATION_PREFERS_STRING_CATALOGS = YES;
				MTL_ENABLE_DEBUG_INFO = NO;
				MTL_FAST_MATH = YES;
				SDKROOT = iphoneos;
				SWIFT_COMPILATION_MODE = wholemodule;
				VALIDATE_PRODUCT = YES;
			};
			name = Release;
		};
		B04219FB2BF3AAC300DB86F8 /* Debug */ = {
			isa = XCBuildConfiguration;
			buildSettings = {
				ASSETCATALOG_COMPILER_APPICON_NAME = AppIcon;
				ASSETCATALOG_COMPILER_GLOBAL_ACCENT_COLOR_NAME = AccentColor;
				CODE_SIGN_STYLE = Automatic;
				CURRENT_PROJECT_VERSION = 1;
				GENERATE_INFOPLIST_FILE = YES;
				INFOPLIST_FILE = TextApp/Info.plist;
				INFOPLIST_KEY_UIApplicationSupportsIndirectInputEvents = YES;
				INFOPLIST_KEY_UILaunchStoryboardName = LaunchScreen;
				INFOPLIST_KEY_UIMainStoryboardFile = Main;
				INFOPLIST_KEY_UISupportedInterfaceOrientations_iPad = "UIInterfaceOrientationPortrait UIInterfaceOrientationPortraitUpsideDown UIInterfaceOrientationLandscapeLeft UIInterfaceOrientationLandscapeRight";
				INFOPLIST_KEY_UISupportedInterfaceOrientations_iPhone = "UIInterfaceOrientationPortrait UIInterfaceOrientationLandscapeLeft UIInterfaceOrientationLandscapeRight";
				LD_RUNPATH_SEARCH_PATHS = (
					"$(inherited)",
					"@executable_path/Frameworks",
				);
				MARKETING_VERSION = 1.0;
				PRODUCT_BUNDLE_IDENTIFIER = com.rossbuc.TextApp;
				PRODUCT_NAME = "$(TARGET_NAME)";
				SWIFT_EMIT_LOC_STRINGS = YES;
				SWIFT_VERSION = 5.0;
				TARGETED_DEVICE_FAMILY = "1,2";
			};
			name = Debug;
		};
		B04219FC2BF3AAC300DB86F8 /* Release */ = {
			isa = XCBuildConfiguration;
			buildSettings = {
				ASSETCATALOG_COMPILER_APPICON_NAME = AppIcon;
				ASSETCATALOG_COMPILER_GLOBAL_ACCENT_COLOR_NAME = AccentColor;
				CODE_SIGN_STYLE = Automatic;
				CURRENT_PROJECT_VERSION = 1;
				GENERATE_INFOPLIST_FILE = YES;
				INFOPLIST_FILE = TextApp/Info.plist;
				INFOPLIST_KEY_UIApplicationSupportsIndirectInputEvents = YES;
				INFOPLIST_KEY_UILaunchStoryboardName = LaunchScreen;
				INFOPLIST_KEY_UIMainStoryboardFile = Main;
				INFOPLIST_KEY_UISupportedInterfaceOrientations_iPad = "UIInterfaceOrientationPortrait UIInterfaceOrientationPortraitUpsideDown UIInterfaceOrientationLandscapeLeft UIInterfaceOrientationLandscapeRight";
				INFOPLIST_KEY_UISupportedInterfaceOrientations_iPhone = "UIInterfaceOrientationPortrait UIInterfaceOrientationLandscapeLeft UIInterfaceOrientationLandscapeRight";
				LD_RUNPATH_SEARCH_PATHS = (
					"$(inherited)",
					"@executable_path/Frameworks",
				);
				MARKETING_VERSION = 1.0;
				PRODUCT_BUNDLE_IDENTIFIER = com.rossbuc.TextApp;
				PRODUCT_NAME = "$(TARGET_NAME)";
				SWIFT_EMIT_LOC_STRINGS = YES;
				SWIFT_VERSION = 5.0;
				TARGETED_DEVICE_FAMILY = "1,2";
			};
			name = Release;
		};
		B04219FE2BF3AAC300DB86F8 /* Debug */ = {
			isa = XCBuildConfiguration;
			buildSettings = {
				ALWAYS_EMBED_SWIFT_STANDARD_LIBRARIES = YES;
				BUNDLE_LOADER = "$(TEST_HOST)";
				CODE_SIGN_STYLE = Automatic;
				CURRENT_PROJECT_VERSION = 1;
				GENERATE_INFOPLIST_FILE = YES;
				IPHONEOS_DEPLOYMENT_TARGET = 17.0;
				MARKETING_VERSION = 1.0;
				PRODUCT_BUNDLE_IDENTIFIER = com.rossbuc.TextAppTests;
				PRODUCT_NAME = "$(TARGET_NAME)";
				SWIFT_EMIT_LOC_STRINGS = NO;
				SWIFT_VERSION = 5.0;
				TARGETED_DEVICE_FAMILY = "1,2";
				TEST_HOST = "$(BUILT_PRODUCTS_DIR)/TextApp.app/$(BUNDLE_EXECUTABLE_FOLDER_PATH)/TextApp";
			};
			name = Debug;
		};
		B04219FF2BF3AAC300DB86F8 /* Release */ = {
			isa = XCBuildConfiguration;
			buildSettings = {
				ALWAYS_EMBED_SWIFT_STANDARD_LIBRARIES = YES;
				BUNDLE_LOADER = "$(TEST_HOST)";
				CODE_SIGN_STYLE = Automatic;
				CURRENT_PROJECT_VERSION = 1;
				GENERATE_INFOPLIST_FILE = YES;
				IPHONEOS_DEPLOYMENT_TARGET = 17.0;
				MARKETING_VERSION = 1.0;
				PRODUCT_BUNDLE_IDENTIFIER = com.rossbuc.TextAppTests;
				PRODUCT_NAME = "$(TARGET_NAME)";
				SWIFT_EMIT_LOC_STRINGS = NO;
				SWIFT_VERSION = 5.0;
				TARGETED_DEVICE_FAMILY = "1,2";
				TEST_HOST = "$(BUILT_PRODUCTS_DIR)/TextApp.app/$(BUNDLE_EXECUTABLE_FOLDER_PATH)/TextApp";
			};
			name = Release;
		};
		B0421A012BF3AAC300DB86F8 /* Debug */ = {
			isa = XCBuildConfiguration;
			buildSettings = {
				ALWAYS_EMBED_SWIFT_STANDARD_LIBRARIES = YES;
				CODE_SIGN_STYLE = Automatic;
				CURRENT_PROJECT_VERSION = 1;
				GENERATE_INFOPLIST_FILE = YES;
				MARKETING_VERSION = 1.0;
				PRODUCT_BUNDLE_IDENTIFIER = com.rossbuc.TextAppUITests;
				PRODUCT_NAME = "$(TARGET_NAME)";
				SWIFT_EMIT_LOC_STRINGS = NO;
				SWIFT_VERSION = 5.0;
				TARGETED_DEVICE_FAMILY = "1,2";
				TEST_TARGET_NAME = TextApp;
			};
			name = Debug;
		};
		B0421A022BF3AAC300DB86F8 /* Release */ = {
			isa = XCBuildConfiguration;
			buildSettings = {
				ALWAYS_EMBED_SWIFT_STANDARD_LIBRARIES = YES;
				CODE_SIGN_STYLE = Automatic;
				CURRENT_PROJECT_VERSION = 1;
				GENERATE_INFOPLIST_FILE = YES;
				MARKETING_VERSION = 1.0;
				PRODUCT_BUNDLE_IDENTIFIER = com.rossbuc.TextAppUITests;
				PRODUCT_NAME = "$(TARGET_NAME)";
				SWIFT_EMIT_LOC_STRINGS = NO;
				SWIFT_VERSION = 5.0;
				TARGETED_DEVICE_FAMILY = "1,2";
				TEST_TARGET_NAME = TextApp;
			};
			name = Release;
		};
/* End XCBuildConfiguration section */

/* Begin XCConfigurationList section */
		B04219CB2BF3AAC000DB86F8 /* Build configuration list for PBXProject "TextApp" */ = {
			isa = XCConfigurationList;
			buildConfigurations = (
				B04219F82BF3AAC300DB86F8 /* Debug */,
				B04219F92BF3AAC300DB86F8 /* Release */,
			);
			defaultConfigurationIsVisible = 0;
			defaultConfigurationName = Release;
		};
		B04219FA2BF3AAC300DB86F8 /* Build configuration list for PBXNativeTarget "TextApp" */ = {
			isa = XCConfigurationList;
			buildConfigurations = (
				B04219FB2BF3AAC300DB86F8 /* Debug */,
				B04219FC2BF3AAC300DB86F8 /* Release */,
			);
			defaultConfigurationIsVisible = 0;
			defaultConfigurationName = Release;
		};
		B04219FD2BF3AAC300DB86F8 /* Build configuration list for PBXNativeTarget "TextAppTests" */ = {
			isa = XCConfigurationList;
			buildConfigurations = (
				B04219FE2BF3AAC300DB86F8 /* Debug */,
				B04219FF2BF3AAC300DB86F8 /* Release */,
			);
			defaultConfigurationIsVisible = 0;
			defaultConfigurationName = Release;
		};
		B0421A002BF3AAC300DB86F8 /* Build configuration list for PBXNativeTarget "TextAppUITests" */ = {
			isa = XCConfigurationList;
			buildConfigurations = (
				B0421A012BF3AAC300DB86F8 /* Debug */,
				B0421A022BF3AAC300DB86F8 /* Release */,
			);
			defaultConfigurationIsVisible = 0;
			defaultConfigurationName = Release;
		};
/* End XCConfigurationList section */
	};
	rootObject = B04219C82BF3AAC000DB86F8 /* Project object */;
}
